
Microsoft Visual Studio Solution File, Format Version 12.00
# Visual Studio 2017
Project("{FAE04EC0-301F-11D3-BF4B-00C04F79EFBC}") = "FioSdkCsharp", "FioSdkCsharp.csproj", "{142F6246-CAF9-4AE5-A400-731A854D17BD}"
EndProject
Global
	GlobalSection(SolutionConfigurationPlatforms) = preSolution
		Debug|Any CPU = Debug|Any CPU
		Release|Any CPU = Release|Any CPU
	EndGlobalSection
	GlobalSection(ProjectConfigurationPlatforms) = postSolution
		{142F6246-CAF9-4AE5-A400-731A854D17BD}.Debug|Any CPU.ActiveCfg = Debug|Any CPU
		{142F6246-CAF9-4AE5-A400-731A854D17BD}.Debug|Any CPU.Build.0 = Debug|Any CPU
		{142F6246-CAF9-4AE5-A400-731A854D17BD}.Release|Any CPU.ActiveCfg = Release|Any CPU
		{142F6246-CAF9-4AE5-A400-731A854D17BD}.Release|Any CPU.Build.0 = Release|Any CPU
	EndGlobalSection
EndGlobal
